# @generated by Move, please check-in and do not edit manually.

[move]
version = 3
manifest_digest = "F8D6C278F5B5592C52F507197C2495536DE4AF70F8D0EF4B01F5D2A72731175E"
deps_digest = "F8BBB0CCB2491CA29A3DF03D6F92277A4F3574266507ACD77214D37ECA3F3082"
dependencies = [
  { id = "Sui", name = "Sui" },
]

[[move.package]]
id = "MoveStdlib"
source = { git = "https://github.com/MystenLabs/sui.git", rev = "framework/mainnet", subdir = "crates/sui-framework/packages/move-stdlib" }

[[move.package]]
id = "Sui"
source = { git = "https://github.com/MystenLabs/sui.git", rev = "framework/mainnet", subdir = "crates/sui-framework/packages/sui-framework" }

dependencies = [
  { id = "MoveStdlib", name = "MoveStdlib" },
]

[move.toolchain-version]
compiler-version = "1.43.1"
edition = "2024.beta"
flavor = "sui"

[env]

[env.testnet]
chain-id = "4c78adac"
original-published-id = "0x03979c0d3fac9c7cd89bc3b0b8de0aff4f23369be980b789b06c1b104f90eff3"
latest-published-id = "0x03979c0d3fac9c7cd89bc3b0b8de0aff4f23369be980b789b06c1b104f90eff3"
published-version = "1"

[env.mainnet]
chain-id = "35834a8a"
original-published-id = "0x7ead93e49fe002193faec3d2e4a7b750e9e568b5d875cafe17fcb0dc672b075e"
latest-published-id = "0x7ead93e49fe002193faec3d2e4a7b750e9e568b5d875cafe17fcb0dc672b075e"
published-version = "1"
